
Microsoft Visual Studio Solution File, Format Version 12.00
# Visual Studio Version 17
VisualStudioVersion = 17.3.32922.545
MinimumVisualStudioVersion = 10.0.40219.1
Project("{9A19103F-16F7-4668-BE54-9A1E7A4F7556}") = "AgroVisitWeb", "AgroVisitWeb\AgroVisitWeb.csproj", "{D262E62F-049A-4513-B953-D68CACCD1055}"
EndProject
Project("{9A19103F-16F7-4668-BE54-9A1E7A4F7556}") = "Core", "Core\Core.csproj", "{A68E4352-D7DD-44E9-97AC-E1AFF5F87513}"
EndProject
Project("{9A19103F-16F7-4668-BE54-9A1E7A4F7556}") = "Service", "Service\Service.csproj", "{F94475D9-37FC-446C-892B-F787D7C586AF}"
EndProject
Project("{FAE04EC0-301F-11D3-BF4B-00C04F79EFBC}") = "AgroVisitWebTests", "AgroVisitWebTests\AgroVisitWebTests.csproj", "{BF6FB9D4-CCDF-4CE9-8C48-383249C62AB9}"
EndProject
Project("{FAE04EC0-301F-11D3-BF4B-00C04F79EFBC}") = "ServiceTests", "ServiceTests\ServiceTests.csproj", "{C50FB86B-DA3C-49B4-9292-20ACF0EAA7C5}"
EndProject
Global
	GlobalSection(SolutionConfigurationPlatforms) = preSolution
		Debug|Any CPU = Debug|Any CPU
		Release|Any CPU = Release|Any CPU
	EndGlobalSection
	GlobalSection(ProjectConfigurationPlatforms) = postSolution
		{D262E62F-049A-4513-B953-D68CACCD1055}.Debug|Any CPU.ActiveCfg = Debug|Any CPU
		{D262E62F-049A-4513-B953-D68CACCD1055}.Debug|Any CPU.Build.0 = Debug|Any CPU
		{D262E62F-049A-4513-B953-D68CACCD1055}.Release|Any CPU.ActiveCfg = Release|Any CPU
		{D262E62F-049A-4513-B953-D68CACCD1055}.Release|Any CPU.Build.0 = Release|Any CPU
		{A68E4352-D7DD-44E9-97AC-E1AFF5F87513}.Debug|Any CPU.ActiveCfg = Debug|Any CPU
		{A68E4352-D7DD-44E9-97AC-E1AFF5F87513}.Debug|Any CPU.Build.0 = Debug|Any CPU
		{A68E4352-D7DD-44E9-97AC-E1AFF5F87513}.Release|Any CPU.ActiveCfg = Release|Any CPU
		{A68E4352-D7DD-44E9-97AC-E1AFF5F87513}.Release|Any CPU.Build.0 = Release|Any CPU
		{F94475D9-37FC-446C-892B-F787D7C586AF}.Debug|Any CPU.ActiveCfg = Debug|Any CPU
		{F94475D9-37FC-446C-892B-F787D7C586AF}.Debug|Any CPU.Build.0 = Debug|Any CPU
		{F94475D9-37FC-446C-892B-F787D7C586AF}.Release|Any CPU.ActiveCfg = Release|Any CPU
		{F94475D9-37FC-446C-892B-F787D7C586AF}.Release|Any CPU.Build.0 = Release|Any CPU
		{BF6FB9D4-CCDF-4CE9-8C48-383249C62AB9}.Debug|Any CPU.ActiveCfg = Debug|Any CPU
		{BF6FB9D4-CCDF-4CE9-8C48-383249C62AB9}.Debug|Any CPU.Build.0 = Debug|Any CPU
		{BF6FB9D4-CCDF-4CE9-8C48-383249C62AB9}.Release|Any CPU.ActiveCfg = Release|Any CPU
		{BF6FB9D4-CCDF-4CE9-8C48-383249C62AB9}.Release|Any CPU.Build.0 = Release|Any CPU
		{C50FB86B-DA3C-49B4-9292-20ACF0EAA7C5}.Debug|Any CPU.ActiveCfg = Debug|Any CPU
		{C50FB86B-DA3C-49B4-9292-20ACF0EAA7C5}.Debug|Any CPU.Build.0 = Debug|Any CPU
		{C50FB86B-DA3C-49B4-9292-20ACF0EAA7C5}.Release|Any CPU.ActiveCfg = Release|Any CPU
		{C50FB86B-DA3C-49B4-9292-20ACF0EAA7C5}.Release|Any CPU.Build.0 = Release|Any CPU
	EndGlobalSection
	GlobalSection(SolutionProperties) = preSolution
		HideSolutionNode = FALSE
	EndGlobalSection
	GlobalSection(ExtensibilityGlobals) = postSolution
		SolutionGuid = {54C71146-CCEA-4D07-9AF6-A8A86C381F95}
	EndGlobalSection
EndGlobal
